{
  "name": "http_test",
  "version": "1.0.0",
  "lockfileVersion": 2,
  "requires": true,
  "packages": {
    "": {
      "name": "http_test",
      "version": "1.0.0",
      "license": "ISC",
      "dependencies": {
        "whatap": "^0.4.72"
      }
    },
    "node_modules/crypto": {
      "version": "1.0.1",
      "resolved": "https://registry.npmjs.org/crypto/-/crypto-1.0.1.tgz",
      "integrity": "sha512-VxBKmeNcqQdiUQUW2Tzq0t377b54N2bMtXO/qiLa+6eRRmmC4qT3D4OnTGoT/U6O9aklQ/jTwbOtRMTTY8G0Ig==",
      "deprecated": "This package is no longer supported. It's now a built-in Node module. If you've depended on crypto, you should switch to the one that's built-in."
    },
    "node_modules/df": {
      "version": "1.1.1",
      "resolved": "https://registry.npmjs.org/df/-/df-1.1.1.tgz",
      "integrity": "sha512-of0xAmm37pc8hznfVVgmpJpMiJNLU46rO6cDphqEV+sUmfSTSN9qyZj1WAvQeKs0NdCJfinFBFW3gs466ne66g==",
      "bin": {
        "df-json": "index.js"
      },
      "engines": {
        "node": ">= 0.2.0"
      }
    },
    "node_modules/long": {
      "version": "3.2.0",
      "resolved": "https://registry.npmjs.org/long/-/long-3.2.0.tgz",
      "integrity": "sha512-ZYvPPOMqUwPoDsbJaR10iQJYnMuZhRTvHYl62ErLIEX7RgFlziSBUUvrt3OVfc47QlHHpzPZYP17g3Fv7oeJkg==",
      "engines": {
        "node": ">=0.6"
      }
    },
    "node_modules/pidusage": {
      "version": "1.2.0",
      "resolved": "https://registry.npmjs.org/pidusage/-/pidusage-1.2.0.tgz",
      "integrity": "sha512-OGo+iSOk44HRJ8q15AyG570UYxcm5u+R99DI8Khu8P3tKGkVu5EZX4ywHglWSTMNNXQ274oeGpYrvFEhDIFGPg==",
      "engines": {
        "node": ">=0.12"
      }
    },
    "node_modules/whatap": {
      "version": "0.4.72",
      "resolved": "https://registry.npmjs.org/whatap/-/whatap-0.4.72.tgz",
      "integrity": "sha512-/2unV2javugw6Nm3lvYX8CMZ/PKTHJtxVoXrtXKKhIQon9baCUBNlfOQIjIWJEMQxTUHOz+G14FwG5+JBV0OBw==",
      "dependencies": {
        "crypto": "^1.0.1",
        "df": "^1.1.1",
        "long": "^3.2.0",
        "pidusage": "^1.1.0"
      },
      "engines": {
        "node": ">=v4.*"
      }
    }
  },
  "dependencies": {
    "crypto": {
      "version": "1.0.1",
      "resolved": "https://registry.npmjs.org/crypto/-/crypto-1.0.1.tgz",
      "integrity": "sha512-VxBKmeNcqQdiUQUW2Tzq0t377b54N2bMtXO/qiLa+6eRRmmC4qT3D4OnTGoT/U6O9aklQ/jTwbOtRMTTY8G0Ig=="
    },
    "df": {
      "version": "1.1.1",
      "resolved": "https://registry.npmjs.org/df/-/df-1.1.1.tgz",
      "integrity": "sha512-of0xAmm37pc8hznfVVgmpJpMiJNLU46rO6cDphqEV+sUmfSTSN9qyZj1WAvQeKs0NdCJfinFBFW3gs466ne66g=="
    },
    "long": {
      "version": "3.2.0",
      "resolved": "https://registry.npmjs.org/long/-/long-3.2.0.tgz",
      "integrity": "sha512-ZYvPPOMqUwPoDsbJaR10iQJYnMuZhRTvHYl62ErLIEX7RgFlziSBUUvrt3OVfc47QlHHpzPZYP17g3Fv7oeJkg=="
    },
    "pidusage": {
      "version": "1.2.0",
      "resolved": "https://registry.npmjs.org/pidusage/-/pidusage-1.2.0.tgz",
      "integrity": "sha512-OGo+iSOk44HRJ8q15AyG570UYxcm5u+R99DI8Khu8P3tKGkVu5EZX4ywHglWSTMNNXQ274oeGpYrvFEhDIFGPg=="
    },
    "whatap": {
      "version": "0.4.72",
      "resolved": "https://registry.npmjs.org/whatap/-/whatap-0.4.72.tgz",
      "integrity": "sha512-/2unV2javugw6Nm3lvYX8CMZ/PKTHJtxVoXrtXKKhIQon9baCUBNlfOQIjIWJEMQxTUHOz+G14FwG5+JBV0OBw==",
      "requires": {
        "crypto": "^1.0.1",
        "df": "^1.1.1",
        "long": "^3.2.0",
        "pidusage": "^1.1.0"
      }
    }
  }
}
